
Microsoft Visual Studio Solution File, Format Version 12.00
# Visual Studio Version 17
VisualStudioVersion = 17.7.34018.315
MinimumVisualStudioVersion = 10.0.40219.1
Project("{FAE04EC0-301F-11D3-BF4B-00C04F79EFBC}") = "TestKustoWithPrompt", "TestKustoWithPrompt\TestKustoWithPrompt.csproj", "{80187981-0920-4B8F-91AD-13BDD5F90F97}"
EndProject
Global
	GlobalSection(SolutionConfigurationPlatforms) = preSolution
		Debug|Any CPU = Debug|Any CPU
		Release|Any CPU = Release|Any CPU
	EndGlobalSection
	GlobalSection(ProjectConfigurationPlatforms) = postSolution
		{80187981-0920-4B8F-91AD-13BDD5F90F97}.Debug|Any CPU.ActiveCfg = Debug|Any CPU
		{80187981-0920-4B8F-91AD-13BDD5F90F97}.Debug|Any CPU.Build.0 = Debug|Any CPU
		{80187981-0920-4B8F-91AD-13BDD5F90F97}.Release|Any CPU.ActiveCfg = Release|Any CPU
		{80187981-0920-4B8F-91AD-13BDD5F90F97}.Release|Any CPU.Build.0 = Release|Any CPU
	EndGlobalSection
	GlobalSection(SolutionProperties) = preSolution
		HideSolutionNode = FALSE
	EndGlobalSection
	GlobalSection(ExtensibilityGlobals) = postSolution
		SolutionGuid = {E8A63F20-EA75-4753-8F4B-6555B96FB9AC}
	EndGlobalSection
EndGlobal
